{
  "version": 4,
  "terraform_version": "1.2.8",
  "serial": 37,
  "lineage": "fa2869f3-daa5-c025-d0e3-ebe5e1e1424c",
  "outputs": {
    "instance_ip_address": {
      "value": "project-resume-vm:13.94.157.32",
      "type": "string",
      "sensitive": true
    }
  },
  "resources": [
    {
      "mode": "data",
      "type": "azurerm_public_ip",
      "name": "pr-ip-data",
      "provider": "provider[\"registry.terraform.io/hashicorp/azurerm\"]",
      "instances": [
        {
          "schema_version": 0,
          "attributes": {
            "allocation_method": "Dynamic",
            "domain_name_label": "",
            "fqdn": "",
            "id": "/subscriptions/28c33e77-de83-40c3-8280-d968b16d2e4a/resourceGroups/project-resume-rg/providers/Microsoft.Network/publicIPAddresses/project-resume-pip",
            "idle_timeout_in_minutes": 30,
            "ip_address": "13.94.157.32",
            "ip_tags": {},
            "ip_version": "IPv4",
            "location": "westeurope",
            "name": "project-resume-pip",
            "resource_group_name": "project-resume-rg",
            "reverse_fqdn": "",
            "sku": "Basic",
            "tags": {
              "environment": "project-resume"
            },
            "timeouts": null,
            "zones": []
          },
          "sensitive_attributes": []
        }
      ]
    },
    {
      "mode": "managed",
      "type": "azurerm_linux_virtual_machine",
      "name": "pr-vm",
      "provider": "provider[\"registry.terraform.io/hashicorp/azurerm\"]",
      "instances": [
        {
          "schema_version": 0,
          "attributes": {
            "additional_capabilities": [],
            "admin_password": null,
            "admin_ssh_key": [
              {
                "public_key": "ssh-rsa AAAAB3NzaC1yc2EAAAADAQABAAABgQDSArBNJxmwcGIS4SCWh4p9AIcvDm0P4HP2/q245uW1TsVBMMubanZbPwnucPDGr229PkQdzwMyVpFip8wOv7V+3Hg6vdEYt/tVIiRggUaOGsglcYKM7vWBSDGzHYPS7ThzWWs34v9BqDcPTK9hXEicu7TZ/vV/DbBjWTPGNvCZV8jW67/yyKn/Si6P+t7RSiUdKjyQe5xCUICcAweKE6HmFmG54wD6t+paBGsgkbLIqqwh+JQOqVVcQwm57saVaduJ6+r3aQ8P+x0441ptidGhHm5k26GRb0zjld7vNr+swaI4zlVsIGi1VWHes5UWSQjur7TtFxK4lHzAEIqcSNc81i5WumrhL1dfieEEXLHLz/pae1Fv4OQ0GSYeEORyMvzT7fKoKs0s/SIBLxozYmOZwCoQdH7KZij8tgp/6H2yw+oo1bwQ3aR4uLhNuvx8dnolp3VrUdUi83kAo+hmvK4sQ1x6HIenRNNzXEpAWa+pZaVN/5TgkvOGma8aWSJWLBE= paul_@Paul-pc\r\n",
                "username": "adminuser"
              }
            ],
            "admin_username": "adminuser",
            "allow_extension_operations": true,
            "availability_set_id": "",
            "boot_diagnostics": [],
            "computer_name": "project-resume-vm",
            "custom_data": "IyEvYmluL2Jhc2gNCnN1ZG8gYXB0LWdldCB1cGRhdGUgLXkgJiYNCnN1ZG8gYXB0LWdldCBpbnN0YWxsIC15IFwNCmFwdC10cmFuc3BvcnQtaHR0cHMgXA0KY2EtY2VydGlmaWNhdGVzIFwNCmN1cmwgXA0KZ251cGctYWdlbnQgXA0Kc29mdHdhcmUtcHJvcGVydGllcy1jb21tb24gJiYNCmN1cmwgLWZzU0wgaHR0cHM6Ly9kb3dubG9hZC5kb2NrZXIuY29tL2xpbnV4L3VidW50dS9ncGcgfCBzdWRvIGFwdC1rZXkgYWRkIC0gJiYNCnN1ZG8gYWRkLWFwdC1yZXBvc2l0b3J5ICJkZWIgW2FyY2g9YW1kNjRdIGh0dHBzOi8vZG93bmxvYWQuZG9ja2VyLmNvbS9saW51eC91YnVudHUgJChsc2JfcmVsZWFzZSAtY3MpIHN0YWJsZSIgJiYNCnN1ZG8gYXB0LWdldCB1cGRhdGUgLXkgJiYNCnN1ZG8gc3VkbyBhcHQtZ2V0IGluc3RhbGwgZG9ja2VyLWNlIGRvY2tlci1jZS1jbGkgY29udGFpbmVyZC5pbyAteSAmJg0Kc3VkbyB1c2VybW9kIC1hRyBkb2NrZXIgdWJ1bnR1",
            "dedicated_host_group_id": "",
            "dedicated_host_id": "",
            "disable_password_authentication": true,
            "edge_zone": "",
            "encryption_at_host_enabled": false,
            "eviction_policy": "",
            "extensions_time_budget": "PT1H30M",
            "id": "/subscriptions/28c33e77-de83-40c3-8280-d968b16d2e4a/resourceGroups/project-resume-rg/providers/Microsoft.Compute/virtualMachines/project-resume-vm",
            "identity": [],
            "license_type": "",
            "location": "westeurope",
            "max_bid_price": -1,
            "name": "project-resume-vm",
            "network_interface_ids": [
              "/subscriptions/28c33e77-de83-40c3-8280-d968b16d2e4a/resourceGroups/project-resume-rg/providers/Microsoft.Network/networkInterfaces/project-resume-nic"
            ],
            "os_disk": [
              {
                "caching": "ReadWrite",
                "diff_disk_settings": [],
                "disk_encryption_set_id": "",
                "disk_size_gb": 30,
                "name": "project-resume-vm_OsDisk_1_512062e813ff46648d31a22f198995f7",
                "storage_account_type": "Standard_LRS",
                "write_accelerator_enabled": false
              }
            ],
            "patch_mode": "ImageDefault",
            "plan": [],
            "platform_fault_domain": -1,
            "priority": "Regular",
            "private_ip_address": "10.0.1.4",
            "private_ip_addresses": [
              "10.0.1.4"
            ],
            "provision_vm_agent": true,
            "proximity_placement_group_id": "",
            "public_ip_address": "13.94.157.32",
            "public_ip_addresses": [
              "13.94.157.32"
            ],
            "resource_group_name": "project-resume-rg",
            "secret": [],
            "secure_boot_enabled": false,
            "size": "Standard_B1s",
            "source_image_id": "",
            "source_image_reference": [
              {
                "offer": "UbuntuServer",
                "publisher": "Canonical",
                "sku": "18.04-LTS",
                "version": "latest"
              }
            ],
            "tags": {
              "environment": "project-resume"
            },
            "termination_notification": [],
            "timeouts": null,
            "user_data": "",
            "virtual_machine_id": "319f9681-f320-44f4-aac6-b26a66431704",
            "virtual_machine_scale_set_id": "",
            "vtpm_enabled": false,
            "zone": ""
          },
          "sensitive_attributes": [],
          "private": "eyJlMmJmYjczMC1lY2FhLTExZTYtOGY4OC0zNDM2M2JjN2M0YzAiOnsiY3JlYXRlIjoyNzAwMDAwMDAwMDAwLCJkZWxldGUiOjI3MDAwMDAwMDAwMDAsInJlYWQiOjMwMDAwMDAwMDAwMCwidXBkYXRlIjoyNzAwMDAwMDAwMDAwfX0=",
          "dependencies": [
            "azurerm_network_interface.pr-nic",
            "azurerm_resource_group.pr-rg"
          ]
        }
      ]
    },
    {
      "mode": "managed",
      "type": "azurerm_network_interface",
      "name": "pr-nic",
      "provider": "provider[\"registry.terraform.io/hashicorp/azurerm\"]",
      "instances": [
        {
          "schema_version": 0,
          "attributes": {
            "applied_dns_servers": [],
            "dns_servers": [],
            "edge_zone": "",
            "enable_accelerated_networking": false,
            "enable_ip_forwarding": false,
            "id": "/subscriptions/28c33e77-de83-40c3-8280-d968b16d2e4a/resourceGroups/project-resume-rg/providers/Microsoft.Network/networkInterfaces/project-resume-nic",
            "internal_dns_name_label": "",
            "internal_domain_name_suffix": "l1cydsmmy5hubnfvhzhkzeimyh.ax.internal.cloudapp.net",
            "ip_configuration": [
              {
                "gateway_load_balancer_frontend_ip_configuration_id": "",
                "name": "internal",
                "primary": true,
                "private_ip_address": "10.0.1.4",
                "private_ip_address_allocation": "Dynamic",
                "private_ip_address_version": "IPv4",
                "public_ip_address_id": "/subscriptions/28c33e77-de83-40c3-8280-d968b16d2e4a/resourceGroups/project-resume-rg/providers/Microsoft.Network/publicIPAddresses/project-resume-pip",
                "subnet_id": "/subscriptions/28c33e77-de83-40c3-8280-d968b16d2e4a/resourceGroups/project-resume-rg/providers/Microsoft.Network/virtualNetworks/project-resume-vn/subnets/project-resume-snet"
              }
            ],
            "location": "westeurope",
            "mac_address": "00-0D-3A-23-81-59",
            "name": "project-resume-nic",
            "private_ip_address": "10.0.1.4",
            "private_ip_addresses": [
              "10.0.1.4"
            ],
            "resource_group_name": "project-resume-rg",
            "tags": {
              "environment": "project-resume"
            },
            "timeouts": null,
            "virtual_machine_id": "/subscriptions/28c33e77-de83-40c3-8280-d968b16d2e4a/resourceGroups/project-resume-rg/providers/Microsoft.Compute/virtualMachines/project-resume-vm"
          },
          "sensitive_attributes": [],
          "private": "eyJlMmJmYjczMC1lY2FhLTExZTYtOGY4OC0zNDM2M2JjN2M0YzAiOnsiY3JlYXRlIjoxODAwMDAwMDAwMDAwLCJkZWxldGUiOjE4MDAwMDAwMDAwMDAsInJlYWQiOjMwMDAwMDAwMDAwMCwidXBkYXRlIjoxODAwMDAwMDAwMDAwfX0=",
          "dependencies": [
            "azurerm_public_ip.pr-ip",
            "azurerm_resource_group.pr-rg",
            "azurerm_subnet.pr-snet",
            "azurerm_virtual_network.pr-vn"
          ]
        }
      ]
    },
    {
      "mode": "managed",
      "type": "azurerm_network_security_group",
      "name": "pr-sg",
      "provider": "provider[\"registry.terraform.io/hashicorp/azurerm\"]",
      "instances": [
        {
          "schema_version": 0,
          "attributes": {
            "id": "/subscriptions/28c33e77-de83-40c3-8280-d968b16d2e4a/resourceGroups/project-resume-rg/providers/Microsoft.Network/networkSecurityGroups/project-resume-sg",
            "location": "westeurope",
            "name": "project-resume-sg",
            "resource_group_name": "project-resume-rg",
            "security_rule": [
              {
                "access": "Allow",
                "description": "",
                "destination_address_prefix": "*",
                "destination_address_prefixes": [],
                "destination_application_security_group_ids": [],
                "destination_port_range": "*",
                "destination_port_ranges": [],
                "direction": "Inbound",
                "name": "project-resume-sr",
                "priority": 100,
                "protocol": "*",
                "source_address_prefix": "*",
                "source_address_prefixes": [],
                "source_application_security_group_ids": [],
                "source_port_range": "*",
                "source_port_ranges": []
              }
            ],
            "tags": {
              "environment": "project-resume"
            },
            "timeouts": null
          },
          "sensitive_attributes": [],
          "private": "eyJlMmJmYjczMC1lY2FhLTExZTYtOGY4OC0zNDM2M2JjN2M0YzAiOnsiY3JlYXRlIjoxODAwMDAwMDAwMDAwLCJkZWxldGUiOjE4MDAwMDAwMDAwMDAsInJlYWQiOjMwMDAwMDAwMDAwMCwidXBkYXRlIjoxODAwMDAwMDAwMDAwfX0=",
          "dependencies": [
            "azurerm_resource_group.pr-rg"
          ]
        }
      ]
    },
    {
      "mode": "managed",
      "type": "azurerm_network_security_rule",
      "name": "pr-sr",
      "provider": "provider[\"registry.terraform.io/hashicorp/azurerm\"]",
      "instances": [
        {
          "schema_version": 0,
          "attributes": {
            "access": "Allow",
            "description": "",
            "destination_address_prefix": "*",
            "destination_address_prefixes": [],
            "destination_application_security_group_ids": [],
            "destination_port_range": "*",
            "destination_port_ranges": [],
            "direction": "Inbound",
            "id": "/subscriptions/28c33e77-de83-40c3-8280-d968b16d2e4a/resourceGroups/project-resume-rg/providers/Microsoft.Network/networkSecurityGroups/project-resume-sg/securityRules/project-resume-sr",
            "name": "project-resume-sr",
            "network_security_group_name": "project-resume-sg",
            "priority": 100,
            "protocol": "*",
            "resource_group_name": "project-resume-rg",
            "source_address_prefix": "*",
            "source_address_prefixes": [],
            "source_application_security_group_ids": [],
            "source_port_range": "*",
            "source_port_ranges": [],
            "timeouts": null
          },
          "sensitive_attributes": [],
          "private": "eyJlMmJmYjczMC1lY2FhLTExZTYtOGY4OC0zNDM2M2JjN2M0YzAiOnsiY3JlYXRlIjoxODAwMDAwMDAwMDAwLCJkZWxldGUiOjE4MDAwMDAwMDAwMDAsInJlYWQiOjMwMDAwMDAwMDAwMCwidXBkYXRlIjoxODAwMDAwMDAwMDAwfX0=",
          "dependencies": [
            "azurerm_network_security_group.pr-sg",
            "azurerm_resource_group.pr-rg"
          ]
        }
      ]
    },
    {
      "mode": "managed",
      "type": "azurerm_public_ip",
      "name": "pr-ip",
      "provider": "provider[\"registry.terraform.io/hashicorp/azurerm\"]",
      "instances": [
        {
          "schema_version": 0,
          "attributes": {
            "allocation_method": "Dynamic",
            "domain_name_label": null,
            "edge_zone": "",
            "fqdn": null,
            "id": "/subscriptions/28c33e77-de83-40c3-8280-d968b16d2e4a/resourceGroups/project-resume-rg/providers/Microsoft.Network/publicIPAddresses/project-resume-pip",
            "idle_timeout_in_minutes": 30,
            "ip_address": "13.94.157.32",
            "ip_tags": {},
            "ip_version": "IPv4",
            "location": "westeurope",
            "name": "project-resume-pip",
            "public_ip_prefix_id": null,
            "resource_group_name": "project-resume-rg",
            "reverse_fqdn": null,
            "sku": "Basic",
            "sku_tier": "Regional",
            "tags": {
              "environment": "project-resume"
            },
            "timeouts": null,
            "zones": []
          },
          "sensitive_attributes": [],
          "private": "eyJlMmJmYjczMC1lY2FhLTExZTYtOGY4OC0zNDM2M2JjN2M0YzAiOnsiY3JlYXRlIjoxODAwMDAwMDAwMDAwLCJkZWxldGUiOjE4MDAwMDAwMDAwMDAsInJlYWQiOjMwMDAwMDAwMDAwMCwidXBkYXRlIjoxODAwMDAwMDAwMDAwfX0=",
          "dependencies": [
            "azurerm_resource_group.pr-rg"
          ]
        }
      ]
    },
    {
      "mode": "managed",
      "type": "azurerm_resource_group",
      "name": "pr-rg",
      "provider": "provider[\"registry.terraform.io/hashicorp/azurerm\"]",
      "instances": [
        {
          "schema_version": 0,
          "attributes": {
            "id": "/subscriptions/28c33e77-de83-40c3-8280-d968b16d2e4a/resourceGroups/project-resume-rg",
            "location": "westeurope",
            "name": "project-resume-rg",
            "tags": {
              "environment": "project-resume"
            },
            "timeouts": null
          },
          "sensitive_attributes": [],
          "private": "eyJlMmJmYjczMC1lY2FhLTExZTYtOGY4OC0zNDM2M2JjN2M0YzAiOnsiY3JlYXRlIjo1NDAwMDAwMDAwMDAwLCJkZWxldGUiOjU0MDAwMDAwMDAwMDAsInJlYWQiOjMwMDAwMDAwMDAwMCwidXBkYXRlIjo1NDAwMDAwMDAwMDAwfX0="
        }
      ]
    },
    {
      "mode": "managed",
      "type": "azurerm_subnet",
      "name": "pr-snet",
      "provider": "provider[\"registry.terraform.io/hashicorp/azurerm\"]",
      "instances": [
        {
          "schema_version": 0,
          "attributes": {
            "address_prefixes": [
              "10.0.1.0/24"
            ],
            "delegation": [],
            "enforce_private_link_endpoint_network_policies": false,
            "enforce_private_link_service_network_policies": false,
            "id": "/subscriptions/28c33e77-de83-40c3-8280-d968b16d2e4a/resourceGroups/project-resume-rg/providers/Microsoft.Network/virtualNetworks/project-resume-vn/subnets/project-resume-snet",
            "name": "project-resume-snet",
            "resource_group_name": "project-resume-rg",
            "service_endpoint_policy_ids": [],
            "service_endpoints": [],
            "timeouts": null,
            "virtual_network_name": "project-resume-vn"
          },
          "sensitive_attributes": [],
          "private": "eyJlMmJmYjczMC1lY2FhLTExZTYtOGY4OC0zNDM2M2JjN2M0YzAiOnsiY3JlYXRlIjoxODAwMDAwMDAwMDAwLCJkZWxldGUiOjE4MDAwMDAwMDAwMDAsInJlYWQiOjMwMDAwMDAwMDAwMCwidXBkYXRlIjoxODAwMDAwMDAwMDAwfX0=",
          "dependencies": [
            "azurerm_resource_group.pr-rg",
            "azurerm_virtual_network.pr-vn"
          ]
        }
      ]
    },
    {
      "mode": "managed",
      "type": "azurerm_subnet_network_security_group_association",
      "name": "pr-sga",
      "provider": "provider[\"registry.terraform.io/hashicorp/azurerm\"]",
      "instances": [
        {
          "schema_version": 0,
          "attributes": {
            "id": "/subscriptions/28c33e77-de83-40c3-8280-d968b16d2e4a/resourceGroups/project-resume-rg/providers/Microsoft.Network/virtualNetworks/project-resume-vn/subnets/project-resume-snet",
            "network_security_group_id": "/subscriptions/28c33e77-de83-40c3-8280-d968b16d2e4a/resourceGroups/project-resume-rg/providers/Microsoft.Network/networkSecurityGroups/project-resume-sg",
            "subnet_id": "/subscriptions/28c33e77-de83-40c3-8280-d968b16d2e4a/resourceGroups/project-resume-rg/providers/Microsoft.Network/virtualNetworks/project-resume-vn/subnets/project-resume-snet",
            "timeouts": null
          },
          "sensitive_attributes": [],
          "private": "eyJlMmJmYjczMC1lY2FhLTExZTYtOGY4OC0zNDM2M2JjN2M0YzAiOnsiY3JlYXRlIjoxODAwMDAwMDAwMDAwLCJkZWxldGUiOjE4MDAwMDAwMDAwMDAsInJlYWQiOjMwMDAwMDAwMDAwMCwidXBkYXRlIjoxODAwMDAwMDAwMDAwfX0=",
          "dependencies": [
            "azurerm_network_security_group.pr-sg",
            "azurerm_resource_group.pr-rg",
            "azurerm_subnet.pr-snet",
            "azurerm_virtual_network.pr-vn"
          ]
        }
      ]
    },
    {
      "mode": "managed",
      "type": "azurerm_virtual_network",
      "name": "pr-vn",
      "provider": "provider[\"registry.terraform.io/hashicorp/azurerm\"]",
      "instances": [
        {
          "schema_version": 0,
          "attributes": {
            "address_space": [
              "10.0.0.0/16"
            ],
            "bgp_community": "",
            "ddos_protection_plan": [],
            "dns_servers": [],
            "edge_zone": "",
            "flow_timeout_in_minutes": 0,
            "guid": "c981c55e-c78c-40cf-b4b5-3e4eac910cc7",
            "id": "/subscriptions/28c33e77-de83-40c3-8280-d968b16d2e4a/resourceGroups/project-resume-rg/providers/Microsoft.Network/virtualNetworks/project-resume-vn",
            "location": "westeurope",
            "name": "project-resume-vn",
            "resource_group_name": "project-resume-rg",
            "subnet": [
              {
                "address_prefix": "10.0.1.0/24",
                "id": "/subscriptions/28c33e77-de83-40c3-8280-d968b16d2e4a/resourceGroups/project-resume-rg/providers/Microsoft.Network/virtualNetworks/project-resume-vn/subnets/project-resume-snet",
                "name": "project-resume-snet",
                "security_group": "/subscriptions/28c33e77-de83-40c3-8280-d968b16d2e4a/resourceGroups/project-resume-rg/providers/Microsoft.Network/networkSecurityGroups/project-resume-sg"
              }
            ],
            "tags": {
              "environment": "project-resume"
            },
            "timeouts": null
          },
          "sensitive_attributes": [],
          "private": "eyJlMmJmYjczMC1lY2FhLTExZTYtOGY4OC0zNDM2M2JjN2M0YzAiOnsiY3JlYXRlIjoxODAwMDAwMDAwMDAwLCJkZWxldGUiOjE4MDAwMDAwMDAwMDAsInJlYWQiOjMwMDAwMDAwMDAwMCwidXBkYXRlIjoxODAwMDAwMDAwMDAwfX0=",
          "dependencies": [
            "azurerm_resource_group.pr-rg"
          ]
        }
      ]
    }
  ]
}
